<?xml version="1.0" encoding="utf-8"?>
<Project ToolsVersion="4.0" xmlns="http://schemas.microsoft.com/developer/msbuild/2003">
  <ItemGroup>
    <Filter Include="Source Files">
      <UniqueIdentifier>{4FC737F1-C7A5-4376-A066-2A32D752A2FF}</UniqueIdentifier>
      <Extensions>cpp;c;cc;cxx;def;odl;idl;hpj;bat;asm;asmx</Extensions>
    </Filter>
    <Filter Include="Header Files">
      <UniqueIdentifier>{93995380-89BD-4b04-88EB-625FBE52EBFB}</UniqueIdentifier>
      <Extensions>h;hpp;hxx;hm;inl;inc;xsd</Extensions>
    </Filter>
    <Filter Include="Resource Files">
      <UniqueIdentifier>{67DA6AB6-F800-4c08-8B7A-83BB121AAD01}</UniqueIdentifier>
      <Extensions>rc;ico;cur;bmp;dlg;rc2;rct;bin;rgs;gif;jpg;jpeg;jpe;resx;tiff;tif;png;wav;mfcribbon-ms</Extensions>
    </Filter>
    <Filter Include="Header Files\BST">
      <UniqueIdentifier>{2c852edb-5746-4338-aaf9-ff0981765e9c}</UniqueIdentifier>
    </Filter>
    <Filter Include="Header Files\LL">
      <UniqueIdentifier>{7ab0f59a-22e7-42a2-87e9-5d36c8995c3e}</UniqueIdentifier>
    </Filter>
  </ItemGroup>
  <ItemGroup>
    <ClCompile Include="..\..\Food.cpp">
      <Filter>Source Files</Filter>
    </ClCompile>
    <ClCompile Include="..\..\FoodProgram.cpp">
      <Filter>Source Files</Filter>
    </ClCompile>
    <ClCompile Include="..\..\main.cpp">
      <Filter>Source Files</Filter>
    </ClCompile>
  </ItemGroup>
  <ItemGroup>
    <ClInclude Include="..\..\Food.h">
      <Filter>Header Files</Filter>
    </ClInclude>
    <ClInclude Include="..\..\FoodProgram.h">
      <Filter>Header Files</Filter>
    </ClInclude>
    <ClInclude Include="..\..\HashTable.h">
      <Filter>Header Files</Filter>
    </ClInclude>
    <ClInclude Include="..\..\BinaryNode.h">
      <Filter>Header Files\BST</Filter>
    </ClInclude>
    <ClInclude Include="..\..\BinarySearchTree.h">
      <Filter>Header Files\BST</Filter>
    </ClInclude>
    <ClInclude Include="..\..\BinaryTree.h">
      <Filter>Header Files\BST</Filter>
    </ClInclude>
    <ClInclude Include="..\..\LinkedList.h">
      <Filter>Header Files\LL</Filter>
    </ClInclude>
    <ClInclude Include="..\..\Node.h">
      <Filter>Header Files\LL</Filter>
    </ClInclude>
    <ClInclude Include="..\..\SortedList.h">
      <Filter>Header Files\LL</Filter>
    </ClInclude>
  </ItemGroup>
</Project>